
Microsoft Visual Studio Solution File, Format Version 12.00
# Visual Studio Version 16
VisualStudioVersion = 25.0.1706.1
MinimumVisualStudioVersion = 10.0.40219.1
Project("{FAE04EC0-301F-11D3-BF4B-00C04F79EFBC}") = "CustomGPS", "CustomGPS\CustomGPS.csproj", "{EFA410B5-348A-4C47-ADEE-7EBC47264184}"
EndProject
Global
	GlobalSection(SolutionConfigurationPlatforms) = preSolution
		Debug|Any CPU = Debug|Any CPU
		Release|Any CPU = Release|Any CPU
	EndGlobalSection
	GlobalSection(ProjectConfigurationPlatforms) = postSolution
		{EFA410B5-348A-4C47-ADEE-7EBC47264184}.Debug|Any CPU.ActiveCfg = Debug|Any CPU
		{EFA410B5-348A-4C47-ADEE-7EBC47264184}.Debug|Any CPU.Build.0 = Debug|Any CPU
		{EFA410B5-348A-4C47-ADEE-7EBC47264184}.Release|Any CPU.ActiveCfg = Release|Any CPU
		{EFA410B5-348A-4C47-ADEE-7EBC47264184}.Release|Any CPU.Build.0 = Release|Any CPU
	EndGlobalSection
	GlobalSection(SolutionProperties) = preSolution
		HideSolutionNode = FALSE
	EndGlobalSection
	GlobalSection(ExtensibilityGlobals) = postSolution
		SolutionGuid = {20C2E502-9DDA-41A5-A9B7-664072D30A1F}
	EndGlobalSection
EndGlobal
